// !$*UTF8*$!
{
	archiveVersion = 1;
	classes = {
	};
	objectVersion = 46;
	objects = {

/* Begin PBXBuildFile section */
		B71FFBDA1C6FE21F002505CC /* AppDelegate.swift in Sources */ = {isa = PBXBuildFile; fileRef = B71FFBD91C6FE21F002505CC /* AppDelegate.swift */; };
		B71FFBDC1C6FE21F002505CC /* ViewController.swift in Sources */ = {isa = PBXBuildFile; fileRef = B71FFBDB1C6FE21F002505CC /* ViewController.swift */; };
		B71FFBDF1C6FE21F002505CC /* Main.storyboard in Resources */ = {isa = PBXBuildFile; fileRef = B71FFBDD1C6FE21F002505CC /* Main.storyboard */; };
		B71FFBE11C6FE21F002505CC /* Assets.xcassets in Resources */ = {isa = PBXBuildFile; fileRef = B71FFBE01C6FE21F002505CC /* Assets.xcassets */; };
		B71FFBE41C6FE21F002505CC /* LaunchScreen.storyboard in Resources */ = {isa = PBXBuildFile; fileRef = B71FFBE21C6FE21F002505CC /* LaunchScreen.storyboard */; };
/* End PBXBuildFile section */

/* Begin PBXFileReference section */
		B71FFBD61C6FE21F002505CC /* Tarea2Curso3.app */ = {isa = PBXFileReference; explicitFileType = wrapper.application; includeInIndex = 0; path = Tarea2Curso3.app; sourceTree = BUILT_PRODUCTS_DIR; };
		B71FFBD91C6FE21F002505CC /* AppDelegate.swift */ = {isa = PBXFileReference; lastKnownFileType = sourcecode.swift; path = AppDelegate.swift; sourceTree = "<group>"; };
		B71FFBDB1C6FE21F002505CC /* ViewController.swift */ = {isa = PBXFileReference; lastKnownFileType = sourcecode.swift; path = ViewController.swift; sourceTree = "<group>"; };
		B71FFBDE1C6FE21F002505CC /* Base */ = {isa = PBXFileReference; lastKnownFileType = file.storyboard; name = Base; path = Base.lproj/Main.storyboard; sourceTree = "<group>"; };
		B71FFBE01C6FE21F002505CC /* Assets.xcassets */ = {isa = PBXFileReference; lastKnownFileType = folder.assetcatalog; path = Assets.xcassets; sourceTree = "<group>"; };
		B71FFBE31C6FE21F002505CC /* Base */ = {isa = PBXFileReference; lastKnownFileType = file.storyboard; name = Base; path = Base.lproj/LaunchScreen.storyboard; sourceTree = "<group>"; };
		B71FFBE51C6FE21F002505CC /* Info.plist */ = {isa = PBXFileReference; lastKnownFileType = text.plist.xml; path = Info.plist; sourceTree = "<group>"; };
/* End PBXFileReference section */

/* Begin PBXFrameworksBuildPhase section */
		B71FFBD31C6FE21F002505CC /* Frameworks */ = {
			isa = PBXFrameworksBuildPhase;
			buildActionMask = 2147483647;
			files = (
			);
			runOnlyForDeploymentPostprocessing = 0;
		};
/* End PBXFrameworksBuildPhase section */

/* Begin PBXGroup section */
		B71FFBCD1C6FE21F002505CC = {
			isa = PBXGroup;
			children = (
				B71FFBD81C6FE21F002505CC /* Tarea2Curso3 */,
				B71FFBD71C6FE21F002505CC /* Products */,
			);
			sourceTree = "<group>";
		};
		B71FFBD71C6FE21F002505CC /* Products */ = {
			isa = PBXGroup;
			children = (
				B71FFBD61C6FE21F002505CC /* Tarea2Curso3.app */,
			);
			name = Products;
			sourceTree = "<group>";
		};
		B71FFBD81C6FE21F002505CC /* Tarea2Curso3 */ = {
			isa = PBXGroup;
			children = (
				B71FFBD91C6FE21F002505CC /* AppDelegate.swift */,
				B71FFBDB1C6FE21F002505CC /* ViewController.swift */,
				B71FFBDD1C6FE21F002505CC /* Main.storyboard */,
				B71FFBE01C6FE21F002505CC /* Assets.xcassets */,
				B71FFBE21C6FE21F002505CC /* LaunchScreen.storyboard */,
				B71FFBE51C6FE21F002505CC /* Info.plist */,
			);
			path = Tarea2Curso3;
			sourceTree = "<group>";
		};
/* End PBXGroup section */

/* Begin PBXNativeTarget section */
		B71FFBD51C6FE21F002505CC /* Tarea2Curso3 */ = {
			isa = PBXNativeTarget;
			buildConfigurationList = B71FFBE81C6FE21F002505CC /* Build configuration list for PBXNativeTarget "Tarea2Curso3" */;
			buildPhases = (
				B71FFBD21C6FE21F002505CC /* Sources */,
				B71FFBD31C6FE21F002505CC /* Frameworks */,
				B71FFBD41C6FE21F002505CC /* Resources */,
			);
			buildRules = (
			);
			dependencies = (
			);
			name = Tarea2Curso3;
			productName = Tarea2Curso3;
			productReference = B71FFBD61C6FE21F002505CC /* Tarea2Curso3.app */;
			productType = "com.apple.product-type.application";
		};
/* End PBXNativeTarget section */

/* Begin PBXProject section */
		B71FFBCE1C6FE21F002505CC /* Project object */ = {
			isa = PBXProject;
			attributes = {
				LastSwiftUpdateCheck = 0720;
				LastUpgradeCheck = 0720;
				ORGANIZATIONNAME = "Yolanda Martínez";
				TargetAttributes = {
					B71FFBD51C6FE21F002505CC = {
						CreatedOnToolsVersion = 7.2;
					};
				};
			};
			buildConfigurationList = B71FFBD11C6FE21F002505CC /* Build configuration list for PBXProject "Tarea2Curso3" */;
			compatibilityVersion = "Xcode 3.2";
			developmentRegion = English;
			hasScannedForEncodings = 0;
			knownRegions = (
				en,
				Base,
			);
			mainGroup = B71FFBCD1C6FE21F002505CC;
			productRefGroup = B71FFBD71C6FE21F002505CC /* Products */;
			projectDirPath = "";
			projectRoot = "";
			targets = (
				B71FFBD51C6FE21F002505CC /* Tarea2Curso3 */,
			);
		};
/* End PBXProject section */

/* Begin PBXResourcesBuildPhase section */
		B71FFBD41C6FE21F002505CC /* Resources */ = {
			isa = PBXResourcesBuildPhase;
			buildActionMask = 2147483647;
			files = (
				B71FFBE41C6FE21F002505CC /* LaunchScreen.storyboard in Resources */,
				B71FFBE11C6FE21F002505CC /* Assets.xcassets in Resources */,
				B71FFBDF1C6FE21F002505CC /* Main.storyboard in Resources */,
			);
			runOnlyForDeploymentPostprocessing = 0;
		};
/* End PBXResourcesBuildPhase section */

/* Begin PBXSourcesBuildPhase section */
		B71FFBD21C6FE21F002505CC /* Sources */ = {
			isa = PBXSourcesBuildPhase;
			buildActionMask = 2147483647;
			files = (
				B71FFBDC1C6FE21F002505CC /* ViewController.swift in Sources */,
				B71FFBDA1C6FE21F002505CC /* AppDelegate.swift in Sources */,
			);
			runOnlyForDeploymentPostprocessing = 0;
		};
/* End PBXSourcesBuildPhase section */

/* Begin PBXVariantGroup section */
		B71FFBDD1C6FE21F002505CC /* Main.storyboard */ = {
			isa = PBXVariantGroup;
			children = (
				B71FFBDE1C6FE21F002505CC /* Base */,
			);
			name = Main.storyboard;
			sourceTree = "<group>";
		};
		B71FFBE21C6FE21F002505CC /* LaunchScreen.storyboard */ = {
			isa = PBXVariantGroup;
			children = (
				B71FFBE31C6FE21F002505CC /* Base */,
			);
			name = LaunchScreen.storyboard;
			sourceTree = "<group>";
		};
/* End PBXVariantGroup section */

/* Begin XCBuildConfiguration section */
		B71FFBE61C6FE21F002505CC /* Debug */ = {
			isa = XCBuildConfiguration;
			buildSettings = {
				ALWAYS_SEARCH_USER_PATHS = NO;
				CLANG_CXX_LANGUAGE_STANDARD = "gnu++0x";
				CLANG_CXX_LIBRARY = "libc++";
				CLANG_ENABLE_MODULES = YES;
				CLANG_ENABLE_OBJC_ARC = YES;
				CLANG_WARN_BOOL_CONVERSION = YES;
				CLANG_WARN_CONSTANT_CONVERSION = YES;
				CLANG_WARN_DIRECT_OBJC_ISA_USAGE = YES_ERROR;
				CLANG_WARN_EMPTY_BODY = YES;
				CLANG_WARN_ENUM_CONVERSION = YES;
				CLANG_WARN_INT_CONVERSION = YES;
				CLANG_WARN_OBJC_ROOT_CLASS = YES_ERROR;
				CLANG_WARN_UNREACHABLE_CODE = YES;
				CLANG_WARN__DUPLICATE_METHOD_MATCH = YES;
				"CODE_SIGN_IDENTITY[sdk=iphoneos*]" = "iPhone Developer";
				COPY_PHASE_STRIP = NO;
				DEBUG_INFORMATION_FORMAT = dwarf;
				ENABLE_STRICT_OBJC_MSGSEND = YES;
				ENABLE_TESTABILITY = YES;
				GCC_C_LANGUAGE_STANDARD = gnu99;
				GCC_DYNAMIC_NO_PIC = NO;
				GCC_NO_COMMON_BLOCKS = YES;
				GCC_OPTIMIZATION_LEVEL = 0;
				GCC_PREPROCESSOR_DEFINITIONS = (
					"DEBUG=1",
					"$(inherited)",
				);
				GCC_WARN_64_TO_32_BIT_CONVERSION = YES;
				GCC_WARN_ABOUT_RETURN_TYPE = YES_ERROR;
				GCC_WARN_UNDECLARED_SELECTOR = YES;
				GCC_WARN_UNINITIALIZED_AUTOS = YES_AGGRESSIVE;
				GCC_WARN_UNUSED_FUNCTION = YES;
				GCC_WARN_UNUSED_VARIABLE = YES;
				IPHONEOS_DEPLOYMENT_TARGET = 9.2;
				MTL_ENABLE_DEBUG_INFO = YES;
				ONLY_ACTIVE_ARCH = YES;
				SDKROOT = iphoneos;
				SWIFT_OPTIMIZATION_LEVEL = "-Onone";
			};
			name = Debug;
		};
		B71FFBE71C6FE21F002505CC /* Release */ = {
			isa = XCBuildConfiguration;
			buildSettings = {
				ALWAYS_SEARCH_USER_PATHS = NO;
				CLANG_CXX_LANGUAGE_STANDARD = "gnu++0x";
				CLANG_CXX_LIBRARY = "libc++";
				CLANG_ENABLE_MODULES = YES;
				CLANG_ENABLE_OBJC_ARC = YES;
				CLANG_WARN_BOOL_CONVERSION = YES;
				CLANG_WARN_CONSTANT_CONVERSION = YES;
				CLANG_WARN_DIRECT_OBJC_ISA_USAGE = YES_ERROR;
				CLANG_WARN_EMPTY_BODY = YES;
				CLANG_WARN_ENUM_CONVERSION = YES;
				CLANG_WARN_INT_CONVERSION = YES;
				CLANG_WARN_OBJC_ROOT_CLASS = YES_ERROR;
				CLANG_WARN_UNREACHABLE_CODE = YES;
				CLANG_WARN__DUPLICATE_METHOD_MATCH = YES;
				"CODE_SIGN_IDENTITY[sdk=iphoneos*]" = "iPhone Developer";
				COPY_PHASE_STRIP = NO;
				DEBUG_INFORMATION_FORMAT = "dwarf-with-dsym";
				ENABLE_NS_ASSERTIONS = NO;
				ENABLE_STRICT_OBJC_MSGSEND = YES;
				GCC_C_LANGUAGE_STANDARD = gnu99;
				GCC_NO_COMMON_BLOCKS = YES;
				GCC_WARN_64_TO_32_BIT_CONVERSION = YES;
				GCC_WARN_ABOUT_RETURN_TYPE = YES_ERROR;
				GCC_WARN_UNDECLARED_SELECTOR = YES;
				GCC_WARN_UNINITIALIZED_AUTOS = YES_AGGRESSIVE;
				GCC_WARN_UNUSED_FUNCTION = YES;
				GCC_WARN_UNUSED_VARIABLE = YES;
				IPHONEOS_DEPLOYMENT_TARGET = 9.2;
				MTL_ENABLE_DEBUG_INFO = NO;
				SDKROOT = iphoneos;
				VALIDATE_PRODUCT = YES;
			};
			name = Release;
		};
		B71FFBE91C6FE21F002505CC /* Debug */ = {
			isa = XCBuildConfiguration;
			buildSettings = {
				ASSETCATALOG_COMPILER_APPICON_NAME = AppIcon;
				INFOPLIST_FILE = Tarea2Curso3/Info.plist;
				LD_RUNPATH_SEARCH_PATHS = "$(inherited) @executable_path/Frameworks";
				PRODUCT_BUNDLE_IDENTIFIER = mx.itesm.Tarea2Curso3;
				PRODUCT_NAME = "$(TARGET_NAME)";
			};
			name = Debug;
		};
		B71FFBEA1C6FE21F002505CC /* Release */ = {
			isa = XCBuildConfiguration;
			buildSettings = {
				ASSETCATALOG_COMPILER_APPICON_NAME = AppIcon;
				INFOPLIST_FILE = Tarea2Curso3/Info.plist;
				LD_RUNPATH_SEARCH_PATHS = "$(inherited) @executable_path/Frameworks";
				PRODUCT_BUNDLE_IDENTIFIER = mx.itesm.Tarea2Curso3;
				PRODUCT_NAME = "$(TARGET_NAME)";
			};
			name = Release;
		};
/* End XCBuildConfiguration section */

/* Begin XCConfigurationList section */
		B71FFBD11C6FE21F002505CC /* Build configuration list for PBXProject "Tarea2Curso3" */ = {
			isa = XCConfigurationList;
			buildConfigurations = (
				B71FFBE61C6FE21F002505CC /* Debug */,
				B71FFBE71C6FE21F002505CC /* Release */,
			);
			defaultConfigurationIsVisible = 0;
			defaultConfigurationName = Release;
		};
		B71FFBE81C6FE21F002505CC /* Build configuration list for PBXNativeTarget "Tarea2Curso3" */ = {
			isa = XCConfigurationList;
			buildConfigurations = (
				B71FFBE91C6FE21F002505CC /* Debug */,
				B71FFBEA1C6FE21F002505CC /* Release */,
			);
			defaultConfigurationIsVisible = 0;
		};
/* End XCConfigurationList section */
	};
	rootObject = B71FFBCE1C6FE21F002505CC /* Project object */;
}
